// !$*UTF8*$!
{
	archiveVersion = 1;
	classes = {
	};
	objectVersion = 46;
	objects = {

/* Begin PBXBuildFile section */
		E8663E3D1F0E3F2A008F003C /* main.m in Sources */ = {isa = PBXBuildFile; fileRef = E8663E3C1F0E3F2A008F003C /* main.m */; };
		E8663E401F0E3F2A008F003C /* AppDelegate.m in Sources */ = {isa = PBXBuildFile; fileRef = E8663E3F1F0E3F2A008F003C /* AppDelegate.m */; };
		E8663E431F0E3F2A008F003C /* ViewController.m in Sources */ = {isa = PBXBuildFile; fileRef = E8663E421F0E3F2A008F003C /* ViewController.m */; };
		E8663E461F0E3F2A008F003C /* Main.storyboard in Resources */ = {isa = PBXBuildFile; fileRef = E8663E441F0E3F2A008F003C /* Main.storyboard */; };
		E8663E481F0E3F2A008F003C /* Assets.xcassets in Resources */ = {isa = PBXBuildFile; fileRef = E8663E471F0E3F2A008F003C /* Assets.xcassets */; };
		E8663E4B1F0E3F2A008F003C /* LaunchScreen.storyboard in Resources */ = {isa = PBXBuildFile; fileRef = E8663E491F0E3F2A008F003C /* LaunchScreen.storyboard */; };
/* End PBXBuildFile section */

/* Begin PBXFileReference section */
		E8663E381F0E3F2A008F003C /* FirstProject.app */ = {isa = PBXFileReference; explicitFileType = wrapper.application; includeInIndex = 0; path = FirstProject.app; sourceTree = BUILT_PRODUCTS_DIR; };
		E8663E3C1F0E3F2A008F003C /* main.m */ = {isa = PBXFileReference; lastKnownFileType = sourcecode.c.objc; path = main.m; sourceTree = "<group>"; };
		E8663E3E1F0E3F2A008F003C /* AppDelegate.h */ = {isa = PBXFileReference; lastKnownFileType = sourcecode.c.h; path = AppDelegate.h; sourceTree = "<group>"; };
		E8663E3F1F0E3F2A008F003C /* AppDelegate.m */ = {isa = PBXFileReference; lastKnownFileType = sourcecode.c.objc; path = AppDelegate.m; sourceTree = "<group>"; };
		E8663E411F0E3F2A008F003C /* ViewController.h */ = {isa = PBXFileReference; lastKnownFileType = sourcecode.c.h; path = ViewController.h; sourceTree = "<group>"; };
		E8663E421F0E3F2A008F003C /* ViewController.m */ = {isa = PBXFileReference; lastKnownFileType = sourcecode.c.objc; path = ViewController.m; sourceTree = "<group>"; };
		E8663E451F0E3F2A008F003C /* Base */ = {isa = PBXFileReference; lastKnownFileType = file.storyboard; name = Base; path = Base.lproj/Main.storyboard; sourceTree = "<group>"; };
		E8663E471F0E3F2A008F003C /* Assets.xcassets */ = {isa = PBXFileReference; lastKnownFileType = folder.assetcatalog; path = Assets.xcassets; sourceTree = "<group>"; };
		E8663E4A1F0E3F2A008F003C /* Base */ = {isa = PBXFileReference; lastKnownFileType = file.storyboard; name = Base; path = Base.lproj/LaunchScreen.storyboard; sourceTree = "<group>"; };
		E8663E4C1F0E3F2A008F003C /* Info.plist */ = {isa = PBXFileReference; lastKnownFileType = text.plist.xml; path = Info.plist; sourceTree = "<group>"; };
/* End PBXFileReference section */

/* Begin PBXFrameworksBuildPhase section */
		E8663E351F0E3F2A008F003C /* Frameworks */ = {
			isa = PBXFrameworksBuildPhase;
			buildActionMask = 2147483647;
			files = (
			);
			runOnlyForDeploymentPostprocessing = 0;
		};
/* End PBXFrameworksBuildPhase section */

/* Begin PBXGroup section */
		E8663E2F1F0E3F2A008F003C = {
			isa = PBXGroup;
			children = (
				E8663E3A1F0E3F2A008F003C /* FirstProject */,
				E8663E391F0E3F2A008F003C /* Products */,
			);
			sourceTree = "<group>";
		};
		E8663E391F0E3F2A008F003C /* Products */ = {
			isa = PBXGroup;
			children = (
				E8663E381F0E3F2A008F003C /* FirstProject.app */,
			);
			name = Products;
			sourceTree = "<group>";
		};
		E8663E3A1F0E3F2A008F003C /* FirstProject */ = {
			isa = PBXGroup;
			children = (
				E8663E3E1F0E3F2A008F003C /* AppDelegate.h */,
				E8663E3F1F0E3F2A008F003C /* AppDelegate.m */,
				E8663E411F0E3F2A008F003C /* ViewController.h */,
				E8663E421F0E3F2A008F003C /* ViewController.m */,
				E8663E441F0E3F2A008F003C /* Main.storyboard */,
				E8663E471F0E3F2A008F003C /* Assets.xcassets */,
				E8663E491F0E3F2A008F003C /* LaunchScreen.storyboard */,
				E8663E4C1F0E3F2A008F003C /* Info.plist */,
				E8663E3B1F0E3F2A008F003C /* Supporting Files */,
			);
			path = FirstProject;
			sourceTree = "<group>";
		};
		E8663E3B1F0E3F2A008F003C /* Supporting Files */ = {
			isa = PBXGroup;
			children = (
				E8663E3C1F0E3F2A008F003C /* main.m */,
			);
			name = "Supporting Files";
			sourceTree = "<group>";
		};
/* End PBXGroup section */

/* Begin PBXNativeTarget section */
		E8663E371F0E3F2A008F003C /* FirstProject */ = {
			isa = PBXNativeTarget;
			buildConfigurationList = E8663E4F1F0E3F2A008F003C /* Build configuration list for PBXNativeTarget "FirstProject" */;
			buildPhases = (
				E8663E341F0E3F2A008F003C /* Sources */,
				E8663E351F0E3F2A008F003C /* Frameworks */,
				E8663E361F0E3F2A008F003C /* Resources */,
			);
			buildRules = (
			);
			dependencies = (
			);
			name = FirstProject;
			productName = FirstProject;
			productReference = E8663E381F0E3F2A008F003C /* FirstProject.app */;
			productType = "com.apple.product-type.application";
		};
/* End PBXNativeTarget section */

/* Begin PBXProject section */
		E8663E301F0E3F2A008F003C /* Project object */ = {
			isa = PBXProject;
			attributes = {
				LastUpgradeCheck = 0820;
				ORGANIZATIONNAME = wildLulu;
				TargetAttributes = {
					E8663E371F0E3F2A008F003C = {
						CreatedOnToolsVersion = 8.2.1;
						DevelopmentTeam = W8X759PLES;
						ProvisioningStyle = Automatic;
					};
				};
			};
			buildConfigurationList = E8663E331F0E3F2A008F003C /* Build configuration list for PBXProject "FirstProject" */;
			compatibilityVersion = "Xcode 3.2";
			developmentRegion = English;
			hasScannedForEncodings = 0;
			knownRegions = (
				en,
				Base,
			);
			mainGroup = E8663E2F1F0E3F2A008F003C;
			productRefGroup = E8663E391F0E3F2A008F003C /* Products */;
			projectDirPath = "";
			projectRoot = "";
			targets = (
				E8663E371F0E3F2A008F003C /* FirstProject */,
			);
		};
/* End PBXProject section */

/* Begin PBXResourcesBuildPhase section */
		E8663E361F0E3F2A008F003C /* Resources */ = {
			isa = PBXResourcesBuildPhase;
			buildActionMask = 2147483647;
			files = (
				E8663E4B1F0E3F2A008F003C /* LaunchScreen.storyboard in Resources */,
				E8663E481F0E3F2A008F003C /* Assets.xcassets in Resources */,
				E8663E461F0E3F2A008F003C /* Main.storyboard in Resources */,
			);
			runOnlyForDeploymentPostprocessing = 0;
		};
/* End PBXResourcesBuildPhase section */

/* Begin PBXSourcesBuildPhase section */
		E8663E341F0E3F2A008F003C /* Sources */ = {
			isa = PBXSourcesBuildPhase;
			buildActionMask = 2147483647;
			files = (
				E8663E431F0E3F2A008F003C /* ViewController.m in Sources */,
				E8663E401F0E3F2A008F003C /* AppDelegate.m in Sources */,
				E8663E3D1F0E3F2A008F003C /* main.m in Sources */,
			);
			runOnlyForDeploymentPostprocessing = 0;
		};
/* End PBXSourcesBuildPhase section */

/* Begin PBXVariantGroup section */
		E8663E441F0E3F2A008F003C /* Main.storyboard */ = {
			isa = PBXVariantGroup;
			children = (
				E8663E451F0E3F2A008F003C /* Base */,
			);
			name = Main.storyboard;
			sourceTree = "<group>";
		};
		E8663E491F0E3F2A008F003C /* LaunchScreen.storyboard */ = {
			isa = PBXVariantGroup;
			children = (
				E8663E4A1F0E3F2A008F003C /* Base */,
			);
			name = LaunchScreen.storyboard;
			sourceTree = "<group>";
		};
/* End PBXVariantGroup section */

/* Begin XCBuildConfiguration section */
		E8663E4D1F0E3F2A008F003C /* Debug */ = {
			isa = XCBuildConfiguration;
			buildSettings = {
				ALWAYS_SEARCH_USER_PATHS = NO;
				CLANG_ANALYZER_NONNULL = YES;
				CLANG_CXX_LANGUAGE_STANDARD = "gnu++0x";
				CLANG_CXX_LIBRARY = "libc++";
				CLANG_ENABLE_MODULES = YES;
				CLANG_ENABLE_OBJC_ARC = YES;
				CLANG_WARN_BOOL_CONVERSION = YES;
				CLANG_WARN_CONSTANT_CONVERSION = YES;
				CLANG_WARN_DIRECT_OBJC_ISA_USAGE = YES_ERROR;
				CLANG_WARN_DOCUMENTATION_COMMENTS = YES;
				CLANG_WARN_EMPTY_BODY = YES;
				CLANG_WARN_ENUM_CONVERSION = YES;
				CLANG_WARN_INFINITE_RECURSION = YES;
				CLANG_WARN_INT_CONVERSION = YES;
				CLANG_WARN_OBJC_ROOT_CLASS = YES_ERROR;
				CLANG_WARN_SUSPICIOUS_MOVE = YES;
				CLANG_WARN_UNREACHABLE_CODE = YES;
				CLANG_WARN__DUPLICATE_METHOD_MATCH = YES;
				"CODE_SIGN_IDENTITY[sdk=iphoneos*]" = "iPhone Developer";
				COPY_PHASE_STRIP = NO;
				DEBUG_INFORMATION_FORMAT = dwarf;
				ENABLE_STRICT_OBJC_MSGSEND = YES;
				ENABLE_TESTABILITY = YES;
				GCC_C_LANGUAGE_STANDARD = gnu99;
				GCC_DYNAMIC_NO_PIC = NO;
				GCC_NO_COMMON_BLOCKS = YES;
				GCC_OPTIMIZATION_LEVEL = 0;
				GCC_PREPROCESSOR_DEFINITIONS = (
					"DEBUG=1",
					"$(inherited)",
				);
				GCC_WARN_64_TO_32_BIT_CONVERSION = YES;
				GCC_WARN_ABOUT_RETURN_TYPE = YES_ERROR;
				GCC_WARN_UNDECLARED_SELECTOR = YES;
				GCC_WARN_UNINITIALIZED_AUTOS = YES_AGGRESSIVE;
				GCC_WARN_UNUSED_FUNCTION = YES;
				GCC_WARN_UNUSED_VARIABLE = YES;
				IPHONEOS_DEPLOYMENT_TARGET = 10.2;
				MTL_ENABLE_DEBUG_INFO = YES;
				ONLY_ACTIVE_ARCH = YES;
				SDKROOT = iphoneos;
			};
			name = Debug;
		};
		E8663E4E1F0E3F2A008F003C /* Release */ = {
			isa = XCBuildConfiguration;
			buildSettings = {
				ALWAYS_SEARCH_USER_PATHS = NO;
				CLANG_ANALYZER_NONNULL = YES;
				CLANG_CXX_LANGUAGE_STANDARD = "gnu++0x";
				CLANG_CXX_LIBRARY = "libc++";
				CLANG_ENABLE_MODULES = YES;
				CLANG_ENABLE_OBJC_ARC = YES;
				CLANG_WARN_BOOL_CONVERSION = YES;
				CLANG_WARN_CONSTANT_CONVERSION = YES;
				CLANG_WARN_DIRECT_OBJC_ISA_USAGE = YES_ERROR;
				CLANG_WARN_DOCUMENTATION_COMMENTS = YES;
				CLANG_WARN_EMPTY_BODY = YES;
				CLANG_WARN_ENUM_CONVERSION = YES;
				CLANG_WARN_INFINITE_RECURSION = YES;
				CLANG_WARN_INT_CONVERSION = YES;
				CLANG_WARN_OBJC_ROOT_CLASS = YES_ERROR;
				CLANG_WARN_SUSPICIOUS_MOVE = YES;
				CLANG_WARN_UNREACHABLE_CODE = YES;
				CLANG_WARN__DUPLICATE_METHOD_MATCH = YES;
				"CODE_SIGN_IDENTITY[sdk=iphoneos*]" = "iPhone Developer";
				COPY_PHASE_STRIP = NO;
				DEBUG_INFORMATION_FORMAT = "dwarf-with-dsym";
				ENABLE_NS_ASSERTIONS = NO;
				ENABLE_STRICT_OBJC_MSGSEND = YES;
				GCC_C_LANGUAGE_STANDARD = gnu99;
				GCC_NO_COMMON_BLOCKS = YES;
				GCC_WARN_64_TO_32_BIT_CONVERSION = YES;
				GCC_WARN_ABOUT_RETURN_TYPE = YES_ERROR;
				GCC_WARN_UNDECLARED_SELECTOR = YES;
				GCC_WARN_UNINITIALIZED_AUTOS = YES_AGGRESSIVE;
				GCC_WARN_UNUSED_FUNCTION = YES;
				GCC_WARN_UNUSED_VARIABLE = YES;
				IPHONEOS_DEPLOYMENT_TARGET = 10.2;
				MTL_ENABLE_DEBUG_INFO = NO;
				SDKROOT = iphoneos;
				VALIDATE_PRODUCT = YES;
			};
			name = Release;
		};
		E8663E501F0E3F2A008F003C /* Debug */ = {
			isa = XCBuildConfiguration;
			buildSettings = {
				ASSETCATALOG_COMPILER_APPICON_NAME = AppIcon;
				"CODE_SIGN_IDENTITY[sdk=iphoneos*]" = "iPhone Developer";
				DEVELOPMENT_TEAM = W8X759PLES;
				INFOPLIST_FILE = FirstProject/Info.plist;
				LD_RUNPATH_SEARCH_PATHS = "$(inherited) @executable_path/Frameworks";
				PRODUCT_BUNDLE_IDENTIFIER = wildLulu.FirstProject;
				PRODUCT_NAME = "$(TARGET_NAME)";
			};
			name = Debug;
		};
		E8663E511F0E3F2A008F003C /* Release */ = {
			isa = XCBuildConfiguration;
			buildSettings = {
				ASSETCATALOG_COMPILER_APPICON_NAME = AppIcon;
				"CODE_SIGN_IDENTITY[sdk=iphoneos*]" = "iPhone Developer";
				DEVELOPMENT_TEAM = W8X759PLES;
				INFOPLIST_FILE = FirstProject/Info.plist;
				LD_RUNPATH_SEARCH_PATHS = "$(inherited) @executable_path/Frameworks";
				PRODUCT_BUNDLE_IDENTIFIER = wildLulu.FirstProject;
				PRODUCT_NAME = "$(TARGET_NAME)";
			};
			name = Release;
		};
/* End XCBuildConfiguration section */

/* Begin XCConfigurationList section */
		E8663E331F0E3F2A008F003C /* Build configuration list for PBXProject "FirstProject" */ = {
			isa = XCConfigurationList;
			buildConfigurations = (
				E8663E4D1F0E3F2A008F003C /* Debug */,
				E8663E4E1F0E3F2A008F003C /* Release */,
			);
			defaultConfigurationIsVisible = 0;
			defaultConfigurationName = Release;
		};
		E8663E4F1F0E3F2A008F003C /* Build configuration list for PBXNativeTarget "FirstProject" */ = {
			isa = XCConfigurationList;
			buildConfigurations = (
				E8663E501F0E3F2A008F003C /* Debug */,
				E8663E511F0E3F2A008F003C /* Release */,
			);
			defaultConfigurationIsVisible = 0;
		};
/* End XCConfigurationList section */
	};
	rootObject = E8663E301F0E3F2A008F003C /* Project object */;
}
